
Microsoft Visual Studio Solution File, Format Version 12.00
# Visual Studio Version 18
VisualStudioVersion = 18.0.11201.2
MinimumVisualStudioVersion = 10.0.40219.1
Project("{FAE04EC0-301F-11D3-BF4B-00C04F79EFBC}") = "Sandbox.ProbabilityDistribution", "Sandbox.ProbabilityDistribution\Sandbox.ProbabilityDistribution.csproj", "{B8EF0EA7-6B91-42BC-B290-DFA6FC482090}"
EndProject
Project("{FAE04EC0-301F-11D3-BF4B-00C04F79EFBC}") = "Sandbox.Leetcode", "Sandbox.Leetcode\Sandbox.Leetcode.csproj", "{CCEBEC1C-CDD5-4F2C-AE1D-BAE0FD97B9E6}"
EndProject
Project("{FAE04EC0-301F-11D3-BF4B-00C04F79EFBC}") = "Sandbox.BatchOperations", "Sandbox.BatchOperations\Sandbox.BatchOperations.csproj", "{740D9AD8-E12C-4D6F-8FB6-B2A442D4C47D}"
EndProject
Project("{FAE04EC0-301F-11D3-BF4B-00C04F79EFBC}") = "Sandbox.MultiLanguageTranslator", "Sandbox.MultiLanguageTranslator\Sandbox.MultiLanguageTranslator.csproj", "{88699BCF-8E34-EC05-A4A5-183B2C4B96E2}"
EndProject
Project("{FAE04EC0-301F-11D3-BF4B-00C04F79EFBC}") = "Sandbox.AgentWorkflow", "Sandbox.AgentWorkflow\Sandbox.AgentWorkflow.csproj", "{719D92CC-2582-4711-9A93-251F40CF8FDC}"
EndProject
Project("{FAE04EC0-301F-11D3-BF4B-00C04F79EFBC}") = "Sandbox.SpectreConsoleDemo", "Sandbox.SpectreConsoleDemo\Sandbox.SpectreConsoleDemo.csproj", "{0A2D95EC-695C-41EE-AC0D-246FD7F3379B}"
EndProject
Global
	GlobalSection(SolutionConfigurationPlatforms) = preSolution
		Debug|Any CPU = Debug|Any CPU
		Debug|x64 = Debug|x64
		Debug|x86 = Debug|x86
		Release|Any CPU = Release|Any CPU
		Release|x64 = Release|x64
		Release|x86 = Release|x86
	EndGlobalSection
	GlobalSection(ProjectConfigurationPlatforms) = postSolution
		{B8EF0EA7-6B91-42BC-B290-DFA6FC482090}.Debug|Any CPU.ActiveCfg = Debug|Any CPU
		{B8EF0EA7-6B91-42BC-B290-DFA6FC482090}.Debug|Any CPU.Build.0 = Debug|Any CPU
		{B8EF0EA7-6B91-42BC-B290-DFA6FC482090}.Debug|x64.ActiveCfg = Debug|Any CPU
		{B8EF0EA7-6B91-42BC-B290-DFA6FC482090}.Debug|x64.Build.0 = Debug|Any CPU
		{B8EF0EA7-6B91-42BC-B290-DFA6FC482090}.Debug|x86.ActiveCfg = Debug|Any CPU
		{B8EF0EA7-6B91-42BC-B290-DFA6FC482090}.Debug|x86.Build.0 = Debug|Any CPU
		{B8EF0EA7-6B91-42BC-B290-DFA6FC482090}.Release|Any CPU.ActiveCfg = Release|Any CPU
		{B8EF0EA7-6B91-42BC-B290-DFA6FC482090}.Release|Any CPU.Build.0 = Release|Any CPU
		{B8EF0EA7-6B91-42BC-B290-DFA6FC482090}.Release|x64.ActiveCfg = Release|Any CPU
		{B8EF0EA7-6B91-42BC-B290-DFA6FC482090}.Release|x64.Build.0 = Release|Any CPU
		{B8EF0EA7-6B91-42BC-B290-DFA6FC482090}.Release|x86.ActiveCfg = Release|Any CPU
		{B8EF0EA7-6B91-42BC-B290-DFA6FC482090}.Release|x86.Build.0 = Release|Any CPU
		{CCEBEC1C-CDD5-4F2C-AE1D-BAE0FD97B9E6}.Debug|Any CPU.ActiveCfg = Debug|Any CPU
		{CCEBEC1C-CDD5-4F2C-AE1D-BAE0FD97B9E6}.Debug|Any CPU.Build.0 = Debug|Any CPU
		{CCEBEC1C-CDD5-4F2C-AE1D-BAE0FD97B9E6}.Debug|x64.ActiveCfg = Debug|Any CPU
		{CCEBEC1C-CDD5-4F2C-AE1D-BAE0FD97B9E6}.Debug|x64.Build.0 = Debug|Any CPU
		{CCEBEC1C-CDD5-4F2C-AE1D-BAE0FD97B9E6}.Debug|x86.ActiveCfg = Debug|Any CPU
		{CCEBEC1C-CDD5-4F2C-AE1D-BAE0FD97B9E6}.Debug|x86.Build.0 = Debug|Any CPU
		{CCEBEC1C-CDD5-4F2C-AE1D-BAE0FD97B9E6}.Release|Any CPU.ActiveCfg = Release|Any CPU
		{CCEBEC1C-CDD5-4F2C-AE1D-BAE0FD97B9E6}.Release|Any CPU.Build.0 = Release|Any CPU
		{CCEBEC1C-CDD5-4F2C-AE1D-BAE0FD97B9E6}.Release|x64.ActiveCfg = Release|Any CPU
		{CCEBEC1C-CDD5-4F2C-AE1D-BAE0FD97B9E6}.Release|x64.Build.0 = Release|Any CPU
		{CCEBEC1C-CDD5-4F2C-AE1D-BAE0FD97B9E6}.Release|x86.ActiveCfg = Release|Any CPU
		{CCEBEC1C-CDD5-4F2C-AE1D-BAE0FD97B9E6}.Release|x86.Build.0 = Release|Any CPU
		{740D9AD8-E12C-4D6F-8FB6-B2A442D4C47D}.Debug|Any CPU.ActiveCfg = Debug|Any CPU
		{740D9AD8-E12C-4D6F-8FB6-B2A442D4C47D}.Debug|Any CPU.Build.0 = Debug|Any CPU
		{740D9AD8-E12C-4D6F-8FB6-B2A442D4C47D}.Debug|x64.ActiveCfg = Debug|Any CPU
		{740D9AD8-E12C-4D6F-8FB6-B2A442D4C47D}.Debug|x64.Build.0 = Debug|Any CPU
		{740D9AD8-E12C-4D6F-8FB6-B2A442D4C47D}.Debug|x86.ActiveCfg = Debug|Any CPU
		{740D9AD8-E12C-4D6F-8FB6-B2A442D4C47D}.Debug|x86.Build.0 = Debug|Any CPU
		{740D9AD8-E12C-4D6F-8FB6-B2A442D4C47D}.Release|Any CPU.ActiveCfg = Release|Any CPU
		{740D9AD8-E12C-4D6F-8FB6-B2A442D4C47D}.Release|Any CPU.Build.0 = Release|Any CPU
		{740D9AD8-E12C-4D6F-8FB6-B2A442D4C47D}.Release|x64.ActiveCfg = Release|Any CPU
		{740D9AD8-E12C-4D6F-8FB6-B2A442D4C47D}.Release|x64.Build.0 = Release|Any CPU
		{740D9AD8-E12C-4D6F-8FB6-B2A442D4C47D}.Release|x86.ActiveCfg = Release|Any CPU
		{740D9AD8-E12C-4D6F-8FB6-B2A442D4C47D}.Release|x86.Build.0 = Release|Any CPU
		{88699BCF-8E34-EC05-A4A5-183B2C4B96E2}.Debug|Any CPU.ActiveCfg = Debug|Any CPU
		{88699BCF-8E34-EC05-A4A5-183B2C4B96E2}.Debug|Any CPU.Build.0 = Debug|Any CPU
		{88699BCF-8E34-EC05-A4A5-183B2C4B96E2}.Debug|x64.ActiveCfg = Debug|Any CPU
		{88699BCF-8E34-EC05-A4A5-183B2C4B96E2}.Debug|x64.Build.0 = Debug|Any CPU
		{88699BCF-8E34-EC05-A4A5-183B2C4B96E2}.Debug|x86.ActiveCfg = Debug|Any CPU
		{88699BCF-8E34-EC05-A4A5-183B2C4B96E2}.Debug|x86.Build.0 = Debug|Any CPU
		{88699BCF-8E34-EC05-A4A5-183B2C4B96E2}.Release|Any CPU.ActiveCfg = Release|Any CPU
		{88699BCF-8E34-EC05-A4A5-183B2C4B96E2}.Release|Any CPU.Build.0 = Release|Any CPU
		{88699BCF-8E34-EC05-A4A5-183B2C4B96E2}.Release|x64.ActiveCfg = Release|Any CPU
		{88699BCF-8E34-EC05-A4A5-183B2C4B96E2}.Release|x64.Build.0 = Release|Any CPU
		{88699BCF-8E34-EC05-A4A5-183B2C4B96E2}.Release|x86.ActiveCfg = Release|Any CPU
		{88699BCF-8E34-EC05-A4A5-183B2C4B96E2}.Release|x86.Build.0 = Release|Any CPU
		{719D92CC-2582-4711-9A93-251F40CF8FDC}.Debug|Any CPU.ActiveCfg = Debug|Any CPU
		{719D92CC-2582-4711-9A93-251F40CF8FDC}.Debug|Any CPU.Build.0 = Debug|Any CPU
		{719D92CC-2582-4711-9A93-251F40CF8FDC}.Debug|x64.ActiveCfg = Debug|Any CPU
		{719D92CC-2582-4711-9A93-251F40CF8FDC}.Debug|x64.Build.0 = Debug|Any CPU
		{719D92CC-2582-4711-9A93-251F40CF8FDC}.Debug|x86.ActiveCfg = Debug|Any CPU
		{719D92CC-2582-4711-9A93-251F40CF8FDC}.Debug|x86.Build.0 = Debug|Any CPU
		{719D92CC-2582-4711-9A93-251F40CF8FDC}.Release|Any CPU.ActiveCfg = Release|Any CPU
		{719D92CC-2582-4711-9A93-251F40CF8FDC}.Release|Any CPU.Build.0 = Release|Any CPU
		{719D92CC-2582-4711-9A93-251F40CF8FDC}.Release|x64.ActiveCfg = Release|Any CPU
		{719D92CC-2582-4711-9A93-251F40CF8FDC}.Release|x64.Build.0 = Release|Any CPU
		{719D92CC-2582-4711-9A93-251F40CF8FDC}.Release|x86.ActiveCfg = Release|Any CPU
		{719D92CC-2582-4711-9A93-251F40CF8FDC}.Release|x86.Build.0 = Release|Any CPU
		{0A2D95EC-695C-41EE-AC0D-246FD7F3379B}.Debug|Any CPU.ActiveCfg = Debug|Any CPU
		{0A2D95EC-695C-41EE-AC0D-246FD7F3379B}.Debug|Any CPU.Build.0 = Debug|Any CPU
		{0A2D95EC-695C-41EE-AC0D-246FD7F3379B}.Debug|x64.ActiveCfg = Debug|Any CPU
		{0A2D95EC-695C-41EE-AC0D-246FD7F3379B}.Debug|x64.Build.0 = Debug|Any CPU
		{0A2D95EC-695C-41EE-AC0D-246FD7F3379B}.Debug|x86.ActiveCfg = Debug|Any CPU
		{0A2D95EC-695C-41EE-AC0D-246FD7F3379B}.Debug|x86.Build.0 = Debug|Any CPU
		{0A2D95EC-695C-41EE-AC0D-246FD7F3379B}.Release|Any CPU.ActiveCfg = Release|Any CPU
		{0A2D95EC-695C-41EE-AC0D-246FD7F3379B}.Release|Any CPU.Build.0 = Release|Any CPU
		{0A2D95EC-695C-41EE-AC0D-246FD7F3379B}.Release|x64.ActiveCfg = Release|Any CPU
		{0A2D95EC-695C-41EE-AC0D-246FD7F3379B}.Release|x64.Build.0 = Release|Any CPU
		{0A2D95EC-695C-41EE-AC0D-246FD7F3379B}.Release|x86.ActiveCfg = Release|Any CPU
		{0A2D95EC-695C-41EE-AC0D-246FD7F3379B}.Release|x86.Build.0 = Release|Any CPU
	EndGlobalSection
	GlobalSection(SolutionProperties) = preSolution
		HideSolutionNode = FALSE
	EndGlobalSection
	GlobalSection(ExtensibilityGlobals) = postSolution
		SolutionGuid = {3FF6D944-9EE6-41E4-8DA9-E35C9CB7A88D}
	EndGlobalSection
EndGlobal
